{
  "lockfile_version": "1",
  "packages": {
    "argocd@2.13.4": {
      "last_modified": "2025-02-07T11:26:36Z",
      "resolved": "github:NixOS/nixpkgs/d98abf5cf5914e5e4e9d57205e3af55ca90ffc1d#argocd",
      "source": "devbox-search",
      "version": "2.13.4",
      "systems": {
        "aarch64-darwin": {
          "outputs": [
            {
              "name": "out",
              "path": "/nix/store/jlydfk4b4nyzc8ar3gkrfy1f3qssasry-argocd-2.13.4",
              "default": true
            }
          ],
          "store_path": "/nix/store/jlydfk4b4nyzc8ar3gkrfy1f3qssasry-argocd-2.13.4"
        },
        "aarch64-linux": {
          "outputs": [
            {
              "name": "out",
              "path": "/nix/store/cfvpr43m9k2m2cs15hn903h4c4iycvwg-argocd-2.13.4",
              "default": true
            }
          ],
          "store_path": "/nix/store/cfvpr43m9k2m2cs15hn903h4c4iycvwg-argocd-2.13.4"
        },
        "x86_64-darwin": {
          "outputs": [
            {
              "name": "out",
              "path": "/nix/store/c0a6z7697ph802jz36ygknl9kq1mhbrg-argocd-2.13.4",
              "default": true
            }
          ],
          "store_path": "/nix/store/c0a6z7697ph802jz36ygknl9kq1mhbrg-argocd-2.13.4"
        },
        "x86_64-linux": {
          "outputs": [
            {
              "name": "out",
              "path": "/nix/store/d6mlphg8h5g86ylqdsfnxa4690ilgrim-argocd-2.13.4",
              "default": true
            }
          ],
          "store_path": "/nix/store/d6mlphg8h5g86ylqdsfnxa4690ilgrim-argocd-2.13.4"
        }
      }
    },
    "cilium-cli@0.16.23": {
      "last_modified": "2025-01-26T08:24:11Z",
      "resolved": "github:NixOS/nixpkgs/5d3221fd57cc442a1a522a15eb5f58230f45a304#cilium-cli",
      "source": "devbox-search",
      "version": "0.16.23",
      "systems": {
        "aarch64-darwin": {
          "outputs": [
            {
              "name": "out",
              "path": "/nix/store/gdzjjf7jjb3dfs3k4vmfn13xj5krcmm3-cilium-cli-0.16.23",
              "default": true
            }
          ],
          "store_path": "/nix/store/gdzjjf7jjb3dfs3k4vmfn13xj5krcmm3-cilium-cli-0.16.23"
        },
        "aarch64-linux": {
          "outputs": [
            {
              "name": "out",
              "path": "/nix/store/0b6772wr57i41cwi5fyfvbq3p8k8l3da-cilium-cli-0.16.23",
              "default": true
            }
          ],
          "store_path": "/nix/store/0b6772wr57i41cwi5fyfvbq3p8k8l3da-cilium-cli-0.16.23"
        },
        "x86_64-darwin": {
          "outputs": [
            {
              "name": "out",
              "path": "/nix/store/krr4jf7v30xbibmfi6k23ajcdc2x3xiz-cilium-cli-0.16.23",
              "default": true
            }
          ],
          "store_path": "/nix/store/krr4jf7v30xbibmfi6k23ajcdc2x3xiz-cilium-cli-0.16.23"
        },
        "x86_64-linux": {
          "outputs": [
            {
              "name": "out",
              "path": "/nix/store/cshfzzgzqqdmqv3xh6xbw212nzkcra7v-cilium-cli-0.16.23",
              "default": true
            }
          ],
          "store_path": "/nix/store/cshfzzgzqqdmqv3xh6xbw212nzkcra7v-cilium-cli-0.16.23"
        }
      }
    },
    "crossplane-cli@1.18.2": {
      "last_modified": "2025-02-07T11:26:36Z",
      "resolved": "github:NixOS/nixpkgs/d98abf5cf5914e5e4e9d57205e3af55ca90ffc1d#crossplane-cli",
      "source": "devbox-search",
      "version": "1.18.2",
      "systems": {
        "aarch64-darwin": {
          "outputs": [
            {
              "name": "out",
              "path": "/nix/store/vm779770lpigvb2nxmwn77hr6q5gvrh0-crossplane-cli-1.18.2",
              "default": true
            }
          ],
          "store_path": "/nix/store/vm779770lpigvb2nxmwn77hr6q5gvrh0-crossplane-cli-1.18.2"
        },
        "aarch64-linux": {
          "outputs": [
            {
              "name": "out",
              "path": "/nix/store/vnkygmip3y07vp17ndvj54vdyjp3kn19-crossplane-cli-1.18.2",
              "default": true
            }
          ],
          "store_path": "/nix/store/vnkygmip3y07vp17ndvj54vdyjp3kn19-crossplane-cli-1.18.2"
        },
        "x86_64-darwin": {
          "outputs": [
            {
              "name": "out",
              "path": "/nix/store/n5gg6xydjd0y2n7cvx56v09x8k30c6rg-crossplane-cli-1.18.2",
              "default": true
            }
          ],
          "store_path": "/nix/store/n5gg6xydjd0y2n7cvx56v09x8k30c6rg-crossplane-cli-1.18.2"
        },
        "x86_64-linux": {
          "outputs": [
            {
              "name": "out",
              "path": "/nix/store/zr01iqcq0pd92fnw6filz96zf3k0r91y-crossplane-cli-1.18.2",
              "default": true
            }
          ],
          "store_path": "/nix/store/zr01iqcq0pd92fnw6filz96zf3k0r91y-crossplane-cli-1.18.2"
        }
      }
    },
    "github:NixOS/nixpkgs/nixpkgs-unstable": {
      "resolved": "github:NixOS/nixpkgs/3a05eebede89661660945da1f151959900903b6a?lastModified=1740547748&narHash=sha256-Ly2fBL1LscV%2BKyCqPRufUBuiw%2BzmWrlJzpWOWbahplg%3D"
    },
    "glibcLocales@latest": {
      "last_modified": "2025-02-07T11:26:36Z",
      "resolved": "github:NixOS/nixpkgs/d98abf5cf5914e5e4e9d57205e3af55ca90ffc1d#glibcLocales",
      "source": "devbox-search",
      "version": "2.40-66",
      "systems": {
        "aarch64-linux": {
          "outputs": [
            {
              "name": "out",
              "path": "/nix/store/msl6h7i0mgzayw4icb58hccfkh9672bl-glibc-locales-2.40-66",
              "default": true
            }
          ],
          "store_path": "/nix/store/msl6h7i0mgzayw4icb58hccfkh9672bl-glibc-locales-2.40-66"
        },
        "x86_64-linux": {
          "outputs": [
            {
              "name": "out",
              "path": "/nix/store/p1fn0y9zbq7fng8cn49cvinqqh47slax-glibc-locales-2.40-66",
              "default": true
            }
          ],
          "store_path": "/nix/store/p1fn0y9zbq7fng8cn49cvinqqh47slax-glibc-locales-2.40-66"
        }
      }
    },
    "go-task@3.41.0": {
      "last_modified": "2025-02-07T11:26:36Z",
      "resolved": "github:NixOS/nixpkgs/d98abf5cf5914e5e4e9d57205e3af55ca90ffc1d#go-task",
      "source": "devbox-search",
      "version": "3.41.0",
      "systems": {
        "aarch64-darwin": {
          "outputs": [
            {
              "name": "out",
              "path": "/nix/store/m0zc229zl4nfi9800dvxikyp31davmgl-go-task-3.41.0",
              "default": true
            }
          ],
          "store_path": "/nix/store/m0zc229zl4nfi9800dvxikyp31davmgl-go-task-3.41.0"
        },
        "aarch64-linux": {
          "outputs": [
            {
              "name": "out",
              "path": "/nix/store/3yg6irq9bdr34krjp0nbrrpd8gzfr4ag-go-task-3.41.0",
              "default": true
            }
          ],
          "store_path": "/nix/store/3yg6irq9bdr34krjp0nbrrpd8gzfr4ag-go-task-3.41.0"
        },
        "x86_64-darwin": {
          "outputs": [
            {
              "name": "out",
              "path": "/nix/store/slgvld5bfxl4caqi5jwwd583ay12cikj-go-task-3.41.0",
              "default": true
            }
          ],
          "store_path": "/nix/store/slgvld5bfxl4caqi5jwwd583ay12cikj-go-task-3.41.0"
        },
        "x86_64-linux": {
          "outputs": [
            {
              "name": "out",
              "path": "/nix/store/jn35gb9isnqzr9mfwhmig40c6iflmadz-go-task-3.41.0",
              "default": true
            }
          ],
          "store_path": "/nix/store/jn35gb9isnqzr9mfwhmig40c6iflmadz-go-task-3.41.0"
        }
      }
    },
    "hubble@0.13.6": {
      "last_modified": "2025-02-07T11:26:36Z",
      "resolved": "github:NixOS/nixpkgs/d98abf5cf5914e5e4e9d57205e3af55ca90ffc1d#hubble",
      "source": "devbox-search",
      "version": "0.13.6",
      "systems": {
        "aarch64-darwin": {
          "outputs": [
            {
              "name": "out",
              "path": "/nix/store/g66hqicm9317vbq40n25chv6fh5w4xkc-hubble-0.13.6",
              "default": true
            }
          ],
          "store_path": "/nix/store/g66hqicm9317vbq40n25chv6fh5w4xkc-hubble-0.13.6"
        },
        "aarch64-linux": {
          "outputs": [
            {
              "name": "out",
              "path": "/nix/store/md66va40xrshw6gv373vcy4zpclap4x0-hubble-0.13.6",
              "default": true
            }
          ],
          "store_path": "/nix/store/md66va40xrshw6gv373vcy4zpclap4x0-hubble-0.13.6"
        },
        "x86_64-darwin": {
          "outputs": [
            {
              "name": "out",
              "path": "/nix/store/r4x5y26g8hnp8bz2y79jvl7c76qxb4s0-hubble-0.13.6",
              "default": true
            }
          ],
          "store_path": "/nix/store/r4x5y26g8hnp8bz2y79jvl7c76qxb4s0-hubble-0.13.6"
        },
        "x86_64-linux": {
          "outputs": [
            {
              "name": "out",
              "path": "/nix/store/sx5jqpxwzkymxd9dksfypj7wvbpa3kd7-hubble-0.13.6",
              "default": true
            }
          ],
          "store_path": "/nix/store/sx5jqpxwzkymxd9dksfypj7wvbpa3kd7-hubble-0.13.6"
        }
      }
    },
    "jq@latest": {
      "last_modified": "2025-02-17T23:19:04Z",
      "resolved": "github:NixOS/nixpkgs/f0295845e58ada369322524631821b01c0db13a7#jq",
      "source": "devbox-search",
      "version": "1.7.1",
      "systems": {
        "aarch64-darwin": {
          "outputs": [
            {
              "name": "bin",
              "path": "/nix/store/lmlmb3a5kzza0si8xfghr7x17vg8bzxb-jq-1.7.1-bin",
              "default": true
            },
            {
              "name": "man",
              "path": "/nix/store/afygplc4dm1ry7ww3702wafvy8bs9sxc-jq-1.7.1-man",
              "default": true
            },
            {
              "name": "dev",
              "path": "/nix/store/89q76wghz9xj2myglfwpv0n6yc19c8i6-jq-1.7.1-dev"
            },
            {
              "name": "doc",
              "path": "/nix/store/dw2717n906kj3xp090fg9cqvcm747jic-jq-1.7.1-doc"
            },
            {
              "name": "out",
              "path": "/nix/store/jm1bv0cha32k9967sv0z40kqgn5slz4i-jq-1.7.1"
            }
          ],
          "store_path": "/nix/store/lmlmb3a5kzza0si8xfghr7x17vg8bzxb-jq-1.7.1-bin"
        },
        "aarch64-linux": {
          "outputs": [
            {
              "name": "bin",
              "path": "/nix/store/vwpm32inl7g5w4p1hqkhjlj1wv0ic67y-jq-1.7.1-bin",
              "default": true
            },
            {
              "name": "man",
              "path": "/nix/store/m546xg6bwy8i785z5a7nx1ca3k9isd93-jq-1.7.1-man",
              "default": true
            },
            {
              "name": "dev",
              "path": "/nix/store/fn8f3hh3k8z3xxkl6al6qx78577w4hdx-jq-1.7.1-dev"
            },
            {
              "name": "doc",
              "path": "/nix/store/jzcllz8ry9hnlpq954ik9fi215iir24l-jq-1.7.1-doc"
            },
            {
              "name": "out",
              "path": "/nix/store/msmdzk125aal9mj8d0gd7r4sygh0mg4m-jq-1.7.1"
            }
          ],
          "store_path": "/nix/store/vwpm32inl7g5w4p1hqkhjlj1wv0ic67y-jq-1.7.1-bin"
        },
        "x86_64-darwin": {
          "outputs": [
            {
              "name": "bin",
              "path": "/nix/store/j7hzqr3vfjghlm3wfy8va9b6abwhdkpf-jq-1.7.1-bin",
              "default": true
            },
            {
              "name": "man",
              "path": "/nix/store/1yr3pl2mrbb09i203bi1qppbzp4dvp7w-jq-1.7.1-man",
              "default": true
            },
            {
              "name": "dev",
              "path": "/nix/store/5sqag6l82rxxl24vj688vmqrqk4kg45z-jq-1.7.1-dev"
            },
            {
              "name": "doc",
              "path": "/nix/store/bg150ikzp69zfjb1klcckzpjy88djnag-jq-1.7.1-doc"
            },
            {
              "name": "out",
              "path": "/nix/store/jw6m3k9r4a7mvzcxr66fxib0s4182i9d-jq-1.7.1"
            }
          ],
          "store_path": "/nix/store/j7hzqr3vfjghlm3wfy8va9b6abwhdkpf-jq-1.7.1-bin"
        },
        "x86_64-linux": {
          "outputs": [
            {
              "name": "bin",
              "path": "/nix/store/n4xfh00cw7vnwnrlx9asp545z82pazgc-jq-1.7.1-bin",
              "default": true
            },
            {
              "name": "man",
              "path": "/nix/store/fj5sc6yb8v39min7kavc0i24nwmlsyki-jq-1.7.1-man",
              "default": true
            },
            {
              "name": "dev",
              "path": "/nix/store/lcjisy815hp4agl57xqh2w6mic1v8jlf-jq-1.7.1-dev"
            },
            {
              "name": "doc",
              "path": "/nix/store/41ir7g8plmi9257c4g8ag94jl9vhkp4l-jq-1.7.1-doc"
            },
            {
              "name": "out",
              "path": "/nix/store/4b9rswbcgqiqidglpz6nrwlsfkhi7v22-jq-1.7.1"
            }
          ],
          "store_path": "/nix/store/n4xfh00cw7vnwnrlx9asp545z82pazgc-jq-1.7.1-bin"
        }
      }
    },
    "kind@0.26.0": {
      "last_modified": "2025-02-07T11:26:36Z",
      "resolved": "github:NixOS/nixpkgs/d98abf5cf5914e5e4e9d57205e3af55ca90ffc1d#kind",
      "source": "devbox-search",
      "version": "0.26.0",
      "systems": {
        "aarch64-darwin": {
          "outputs": [
            {
              "name": "out",
              "path": "/nix/store/nfg8wv5jycm6bfzkwr4igwb0byhnhrr1-kind-0.26.0",
              "default": true
            }
          ],
          "store_path": "/nix/store/nfg8wv5jycm6bfzkwr4igwb0byhnhrr1-kind-0.26.0"
        },
        "aarch64-linux": {
          "outputs": [
            {
              "name": "out",
              "path": "/nix/store/qz66d0bs6f7q96k0ryzb1jgfdg06w3ib-kind-0.26.0",
              "default": true
            }
          ],
          "store_path": "/nix/store/qz66d0bs6f7q96k0ryzb1jgfdg06w3ib-kind-0.26.0"
        },
        "x86_64-darwin": {
          "outputs": [
            {
              "name": "out",
              "path": "/nix/store/km5n2c910bv3js6ln19y4fydwfq04w0a-kind-0.26.0",
              "default": true
            }
          ],
          "store_path": "/nix/store/km5n2c910bv3js6ln19y4fydwfq04w0a-kind-0.26.0"
        },
        "x86_64-linux": {
          "outputs": [
            {
              "name": "out",
              "path": "/nix/store/6fbf8jslw3a81wcnram5w9dwhwk452m1-kind-0.26.0",
              "default": true
            }
          ],
          "store_path": "/nix/store/6fbf8jslw3a81wcnram5w9dwhwk452m1-kind-0.26.0"
        }
      }
    },
    "kubectl@1.32.1": {
      "last_modified": "2025-02-07T11:26:36Z",
      "resolved": "github:NixOS/nixpkgs/d98abf5cf5914e5e4e9d57205e3af55ca90ffc1d#kubectl",
      "source": "devbox-search",
      "version": "1.32.1",
      "systems": {
        "aarch64-darwin": {
          "outputs": [
            {
              "name": "out",
              "path": "/nix/store/bxnmjl64ys4blg5gmd7v6i93j627a37z-kubectl-1.32.1",
              "default": true
            },
            {
              "name": "man",
              "path": "/nix/store/0fp6a3jphb7l2qymdhyc8zfci49dwwq8-kubectl-1.32.1-man",
              "default": true
            },
            {
              "name": "convert",
              "path": "/nix/store/jjjx71bfqir3ra9m4ja8sr0y6r27j1di-kubectl-1.32.1-convert"
            }
          ],
          "store_path": "/nix/store/bxnmjl64ys4blg5gmd7v6i93j627a37z-kubectl-1.32.1"
        },
        "aarch64-linux": {
          "outputs": [
            {
              "name": "out",
              "path": "/nix/store/965671cha74xnwimnp0mp3810z981fg3-kubectl-1.32.1",
              "default": true
            },
            {
              "name": "man",
              "path": "/nix/store/h5phzzl23d2n2rck2g3p8gi1n9rpw39z-kubectl-1.32.1-man",
              "default": true
            },
            {
              "name": "convert",
              "path": "/nix/store/47y2qv2v0yjcbdl8p4ir1l35n50vcgk6-kubectl-1.32.1-convert"
            }
          ],
          "store_path": "/nix/store/965671cha74xnwimnp0mp3810z981fg3-kubectl-1.32.1"
        },
        "x86_64-darwin": {
          "outputs": [
            {
              "name": "out",
              "path": "/nix/store/amx4pha2xrlbjgl1cgsm2aw6889nlc58-kubectl-1.32.1",
              "default": true
            },
            {
              "name": "man",
              "path": "/nix/store/6ic0ah864m9ybaavzpn4549bkqjgs63m-kubectl-1.32.1-man",
              "default": true
            },
            {
              "name": "convert",
              "path": "/nix/store/xvaxw41bzksd38lqnfm7r8w34yk2wcgs-kubectl-1.32.1-convert"
            }
          ],
          "store_path": "/nix/store/amx4pha2xrlbjgl1cgsm2aw6889nlc58-kubectl-1.32.1"
        },
        "x86_64-linux": {
          "outputs": [
            {
              "name": "out",
              "path": "/nix/store/zph6v36yrnyixil25mnysr82i933kx6i-kubectl-1.32.1",
              "default": true
            },
            {
              "name": "man",
              "path": "/nix/store/q843mipr11308vvvp7465yc7y4k5mg06-kubectl-1.32.1-man",
              "default": true
            },
            {
              "name": "convert",
              "path": "/nix/store/y3l02a82n3zzzdipccb1xpdw3yz68cb0-kubectl-1.32.1-convert"
            }
          ],
          "store_path": "/nix/store/zph6v36yrnyixil25mnysr82i933kx6i-kubectl-1.32.1"
        }
      }
    },
    "kubernetes-helm@3.17.0": {
      "last_modified": "2025-02-07T11:26:36Z",
      "resolved": "github:NixOS/nixpkgs/d98abf5cf5914e5e4e9d57205e3af55ca90ffc1d#kubernetes-helm",
      "source": "devbox-search",
      "version": "3.17.0",
      "systems": {
        "aarch64-darwin": {
          "outputs": [
            {
              "name": "out",
              "path": "/nix/store/mqm6vkrs31c8rx8phivl274ja5iq6h47-kubernetes-helm-3.17.0",
              "default": true
            }
          ],
          "store_path": "/nix/store/mqm6vkrs31c8rx8phivl274ja5iq6h47-kubernetes-helm-3.17.0"
        },
        "aarch64-linux": {
          "outputs": [
            {
              "name": "out",
              "path": "/nix/store/sfjsrsx7wavzdq3pxx66np9db265chvg-kubernetes-helm-3.17.0",
              "default": true
            }
          ],
          "store_path": "/nix/store/sfjsrsx7wavzdq3pxx66np9db265chvg-kubernetes-helm-3.17.0"
        },
        "x86_64-darwin": {
          "outputs": [
            {
              "name": "out",
              "path": "/nix/store/539izwrsfhkbs0j8llrfkg2m6kikc9jk-kubernetes-helm-3.17.0",
              "default": true
            }
          ],
          "store_path": "/nix/store/539izwrsfhkbs0j8llrfkg2m6kikc9jk-kubernetes-helm-3.17.0"
        },
        "x86_64-linux": {
          "outputs": [
            {
              "name": "out",
              "path": "/nix/store/lph6vddfs1x2dgb5bkkv0mhjkph220is-kubernetes-helm-3.17.0",
              "default": true
            }
          ],
          "store_path": "/nix/store/lph6vddfs1x2dgb5bkkv0mhjkph220is-kubernetes-helm-3.17.0"
        }
      }
    },
    "openssl@latest": {
      "last_modified": "2025-02-23T09:42:26Z",
      "resolved": "github:NixOS/nixpkgs/2d068ae5c6516b2d04562de50a58c682540de9bf#openssl",
      "source": "devbox-search",
      "version": "3.4.1",
      "systems": {
        "aarch64-darwin": {
          "outputs": [
            {
              "name": "bin",
              "path": "/nix/store/yz54b1dkdyw33f62khb6117389hkszv6-openssl-3.4.1-bin",
              "default": true
            },
            {
              "name": "man",
              "path": "/nix/store/9k7dbq28mbk3w0pzc37gjyv1ji2j4ii2-openssl-3.4.1-man",
              "default": true
            },
            {
              "name": "dev",
              "path": "/nix/store/1gwmxz7nmgassnbj75yv3lbcrmzq3x23-openssl-3.4.1-dev"
            },
            {
              "name": "doc",
              "path": "/nix/store/5m12akajsazdm1y6srpxmhqs1vvv6wq6-openssl-3.4.1-doc"
            },
            {
              "name": "out",
              "path": "/nix/store/0v2hhy3f53hsai7spdsqrrnvjwlm2pya-openssl-3.4.1"
            }
          ],
          "store_path": "/nix/store/yz54b1dkdyw33f62khb6117389hkszv6-openssl-3.4.1-bin"
        },
        "aarch64-linux": {
          "outputs": [
            {
              "name": "bin",
              "path": "/nix/store/m5szkm0siac4iqiin31p2588i05cm5kk-openssl-3.4.1-bin",
              "default": true
            },
            {
              "name": "man",
              "path": "/nix/store/k5xzfrb7bbx7mjd9c2zmyc2ssbx9pbsp-openssl-3.4.1-man",
              "default": true
            },
            {
              "name": "out",
              "path": "/nix/store/v4590ch770x7jc7f7kirijppyhvjjgs0-openssl-3.4.1"
            },
            {
              "name": "debug",
              "path": "/nix/store/4yrf5rsp36zf9him8bmp4mj3wr0i3d67-openssl-3.4.1-debug"
            },
            {
              "name": "dev",
              "path": "/nix/store/nsipd4vjy0rf9qkm639j97rl3l6kkhlc-openssl-3.4.1-dev"
            },
            {
              "name": "doc",
              "path": "/nix/store/pial8ycrdla64jkfkdjikymh80h6azjz-openssl-3.4.1-doc"
            }
          ],
          "store_path": "/nix/store/m5szkm0siac4iqiin31p2588i05cm5kk-openssl-3.4.1-bin"
        },
        "x86_64-darwin": {
          "outputs": [
            {
              "name": "bin",
              "path": "/nix/store/3d73544050dcy16jsvc5p6210hf4n52g-openssl-3.4.1-bin",
              "default": true
            },
            {
              "name": "man",
              "path": "/nix/store/piggg9i27rvmwc5g6dgsjx42zpk356np-openssl-3.4.1-man",
              "default": true
            },
            {
              "name": "doc",
              "path": "/nix/store/z3whaj4krq025r4n6rc77473zxfrz33v-openssl-3.4.1-doc"
            },
            {
              "name": "out",
              "path": "/nix/store/pzw7b6bvmsqq5s38yibccizda6mkz53j-openssl-3.4.1"
            },
            {
              "name": "dev",
              "path": "/nix/store/zayjz62kakn7z6iknr2xd29qy9z0r3sj-openssl-3.4.1-dev"
            }
          ],
          "store_path": "/nix/store/3d73544050dcy16jsvc5p6210hf4n52g-openssl-3.4.1-bin"
        },
        "x86_64-linux": {
          "outputs": [
            {
              "name": "bin",
              "path": "/nix/store/hk3rdjmnag5sk9mnri3k0xyj425sx6qv-openssl-3.4.1-bin",
              "default": true
            },
            {
              "name": "man",
              "path": "/nix/store/kfw89xw9iz63i3vi9mxycb8h65x5hqka-openssl-3.4.1-man",
              "default": true
            },
            {
              "name": "debug",
              "path": "/nix/store/qmsw8k6mq5a02x2rlgysi838kvvv7ifl-openssl-3.4.1-debug"
            },
            {
              "name": "dev",
              "path": "/nix/store/7dp0ay805yh80xvxmdad49hwyqaqzg37-openssl-3.4.1-dev"
            },
            {
              "name": "doc",
              "path": "/nix/store/bchc7iivlikfsz657c0rinvirhy8m82f-openssl-3.4.1-doc"
            },
            {
              "name": "out",
              "path": "/nix/store/z2g8g76mw8xkyniz5yxnrn8r0gpdckzy-openssl-3.4.1"
            }
          ],
          "store_path": "/nix/store/hk3rdjmnag5sk9mnri3k0xyj425sx6qv-openssl-3.4.1-bin"
        }
      }
    },
    "postgresql_17@latest": {
      "last_modified": "2024-12-22T08:27:48Z",
      "plugin_version": "0.0.2",
      "resolved": "github:NixOS/nixpkgs/93ff48c9be84a76319dac293733df09bbbe3f25c#postgresql_17",
      "source": "devbox-search",
      "version": "17.1",
      "systems": {
        "aarch64-darwin": {
          "outputs": [
            {
              "name": "out",
              "path": "/nix/store/l25sfwhmkg9sy3bp8gvk5372xbrxsjld-postgresql-17.1",
              "default": true
            },
            {
              "name": "man",
              "path": "/nix/store/5kggab1xrqiggfdxd9919dp74ckaw4j1-postgresql-17.1-man",
              "default": true
            },
            {
              "name": "dev",
              "path": "/nix/store/mr90ndxiwc97455df4hwmwr9gn695357-postgresql-17.1-dev"
            },
            {
              "name": "doc",
              "path": "/nix/store/pdpp0slrghgfic6fzh58mzig0hdbqpmd-postgresql-17.1-doc"
            },
            {
              "name": "lib",
              "path": "/nix/store/sayrsqfa0rwfs3zqvwslgpz6aalvbs3q-postgresql-17.1-lib"
            }
          ],
          "store_path": "/nix/store/l25sfwhmkg9sy3bp8gvk5372xbrxsjld-postgresql-17.1"
        },
        "aarch64-linux": {
          "outputs": [
            {
              "name": "out",
              "path": "/nix/store/mwjghibhmk8v8z98scy4qj6cimrc94g7-postgresql-17.1",
              "default": true
            },
            {
              "name": "man",
              "path": "/nix/store/grhl0mnpfwq93ar5ldynd6glq29m4k6y-postgresql-17.1-man",
              "default": true
            },
            {
              "name": "dev",
              "path": "/nix/store/wnal3kfgrl3wnh7xyrzzcm4ngihsbfv8-postgresql-17.1-dev"
            },
            {
              "name": "doc",
              "path": "/nix/store/jyg2hgdfazxn6q5f16jqcpixx0vikkv5-postgresql-17.1-doc"
            },
            {
              "name": "lib",
              "path": "/nix/store/bmwksmvifm77f09rs0jshs48ik6w7fda-postgresql-17.1-lib"
            },
            {
              "name": "debug",
              "path": "/nix/store/cmq1r81as95jjmk9vf2i5vl78d9zjdh5-postgresql-17.1-debug"
            }
          ],
          "store_path": "/nix/store/mwjghibhmk8v8z98scy4qj6cimrc94g7-postgresql-17.1"
        },
        "x86_64-darwin": {
          "outputs": [
            {
              "name": "out",
              "path": "/nix/store/9dhdq8xh6vgkihwslb4h5hfw41g1xkpa-postgresql-17.1",
              "default": true
            },
            {
              "name": "man",
              "path": "/nix/store/4mg81k14awdgrbhazr4aicgmzkp0gpjk-postgresql-17.1-man",
              "default": true
            },
            {
              "name": "doc",
              "path": "/nix/store/wlq2lghr87x1102plapqjm1fj1gn9mzj-postgresql-17.1-doc"
            },
            {
              "name": "lib",
              "path": "/nix/store/jvzd6klmmbgz45jp5vh6z5bplr5p8dg3-postgresql-17.1-lib"
            },
            {
              "name": "dev",
              "path": "/nix/store/4whhg776i1hl6sjyw0l9qh8n64chhhr2-postgresql-17.1-dev"
            }
          ],
          "store_path": "/nix/store/9dhdq8xh6vgkihwslb4h5hfw41g1xkpa-postgresql-17.1"
        },
        "x86_64-linux": {
          "outputs": [
            {
              "name": "out",
              "path": "/nix/store/j70pk2jhkv86dlmys0xf5jssacz7f4cd-postgresql-17.1",
              "default": true
            },
            {
              "name": "man",
              "path": "/nix/store/m21hdfws10fi74hnsql1m8q21v4nda1d-postgresql-17.1-man",
              "default": true
            },
            {
              "name": "debug",
              "path": "/nix/store/r1x7flf46zbc2zipnimvm1gp0hvk11yk-postgresql-17.1-debug"
            },
            {
              "name": "dev",
              "path": "/nix/store/1mcmns7893i8040dpy5biw2x2g0pis26-postgresql-17.1-dev"
            },
            {
              "name": "doc",
              "path": "/nix/store/5zl70spm7wbl4l0maxz56yc9ll7i0ajz-postgresql-17.1-doc"
            },
            {
              "name": "lib",
              "path": "/nix/store/xigrk9jaf2kmnsqw78580mys0gnshvpc-postgresql-17.1-lib"
            }
          ],
          "store_path": "/nix/store/j70pk2jhkv86dlmys0xf5jssacz7f4cd-postgresql-17.1"
        }
      }
    },
    "yq-go@latest": {
      "last_modified": "2025-02-07T11:26:36Z",
      "resolved": "github:NixOS/nixpkgs/d98abf5cf5914e5e4e9d57205e3af55ca90ffc1d#yq-go",
      "source": "devbox-search",
      "version": "4.45.1",
      "systems": {
        "aarch64-darwin": {
          "outputs": [
            {
              "name": "out",
              "path": "/nix/store/qdasnhdfva5n5r312qlf8gaib5knhy4a-yq-go-4.45.1",
              "default": true
            }
          ],
          "store_path": "/nix/store/qdasnhdfva5n5r312qlf8gaib5knhy4a-yq-go-4.45.1"
        },
        "aarch64-linux": {
          "outputs": [
            {
              "name": "out",
              "path": "/nix/store/ch3i6hhpmcqh2n1mp58x58iwyn0xhri2-yq-go-4.45.1",
              "default": true
            }
          ],
          "store_path": "/nix/store/ch3i6hhpmcqh2n1mp58x58iwyn0xhri2-yq-go-4.45.1"
        },
        "x86_64-darwin": {
          "outputs": [
            {
              "name": "out",
              "path": "/nix/store/5v8g3w5ggravlps5qw49scidhk15dxgq-yq-go-4.45.1",
              "default": true
            }
          ],
          "store_path": "/nix/store/5v8g3w5ggravlps5qw49scidhk15dxgq-yq-go-4.45.1"
        },
        "x86_64-linux": {
          "outputs": [
            {
              "name": "out",
              "path": "/nix/store/hh77bzmffw3zgm658hlh85cimzc7pbjg-yq-go-4.45.1",
              "default": true
            }
          ],
          "store_path": "/nix/store/hh77bzmffw3zgm658hlh85cimzc7pbjg-yq-go-4.45.1"
        }
      }
    }
  }
}
